
Microsoft Visual Studio Solution File, Format Version 12.00
# Visual Studio 15
VisualStudioVersion = 15.0.26730.12
MinimumVisualStudioVersion = 10.0.40219.1
Project("{FAE04EC0-301F-11D3-BF4B-00C04F79EFBC}") = "ProjectRegistration", "ProjectRegistration\ProjectRegistration.csproj", "{F1B2A01F-F006-43DE-833D-D395BCD10701}"
EndProject
Project("{FAE04EC0-301F-11D3-BF4B-00C04F79EFBC}") = "ProjectRegitrationTest", "ProjectRegitrationTest\ProjectRegitrationTest.csproj", "{B5C4268D-0395-4043-A500-1ADC02A5EFE7}"
EndProject
Global
	GlobalSection(SolutionConfigurationPlatforms) = preSolution
		Debug|Any CPU = Debug|Any CPU
		Release|Any CPU = Release|Any CPU
	EndGlobalSection
	GlobalSection(ProjectConfigurationPlatforms) = postSolution
		{F1B2A01F-F006-43DE-833D-D395BCD10701}.Debug|Any CPU.ActiveCfg = Debug|Any CPU
		{F1B2A01F-F006-43DE-833D-D395BCD10701}.Debug|Any CPU.Build.0 = Debug|Any CPU
		{F1B2A01F-F006-43DE-833D-D395BCD10701}.Release|Any CPU.ActiveCfg = Release|Any CPU
		{F1B2A01F-F006-43DE-833D-D395BCD10701}.Release|Any CPU.Build.0 = Release|Any CPU
		{B5C4268D-0395-4043-A500-1ADC02A5EFE7}.Debug|Any CPU.ActiveCfg = Debug|Any CPU
		{B5C4268D-0395-4043-A500-1ADC02A5EFE7}.Debug|Any CPU.Build.0 = Debug|Any CPU
		{B5C4268D-0395-4043-A500-1ADC02A5EFE7}.Release|Any CPU.ActiveCfg = Release|Any CPU
		{B5C4268D-0395-4043-A500-1ADC02A5EFE7}.Release|Any CPU.Build.0 = Release|Any CPU
	EndGlobalSection
	GlobalSection(SolutionProperties) = preSolution
		HideSolutionNode = FALSE
	EndGlobalSection
	GlobalSection(ExtensibilityGlobals) = postSolution
		SolutionGuid = {A6585287-5D4B-478D-85D2-2879223D1608}
	EndGlobalSection
EndGlobal
